{
    "_readme": [
        "This file locks the dependencies of your project to a known state",
        "Read more about it at https://getcomposer.org/doc/01-basic-usage.md#installing-dependencies",
        "This file is @generated automatically"
    ],
    "content-hash": "697a5830faa20feb44096122118b7b8e",
    "packages": [
        {
            "name": "composer/package-versions-deprecated",
            "version": "1.11.99.2",
            "source": {
                "type": "git",
                "url": "https://github.com/composer/package-versions-deprecated.git",
                "reference": "c6522afe5540d5fc46675043d3ed5a45a740b27c"
            },
            "dist": {
                "type": "zip",
                "url": "https://api.github.com/repos/composer/package-versions-deprecated/zipball/c6522afe5540d5fc46675043d3ed5a45a740b27c",
                "reference": "c6522afe5540d5fc46675043d3ed5a45a740b27c",
                "shasum": ""
            },
            "require": {
                "composer-plugin-api": "^1.1.0 || ^2.0",
                "php": "^7 || ^8"
            },
            "replace": {
                "ocramius/package-versions": "1.11.99"
            },
            "require-dev": {
                "composer/composer": "^1.9.3 || ^2.0@dev",
                "ext-zip": "^1.13",
                "phpunit/phpunit": "^6.5 || ^7"
            },
            "type": "composer-plugin",
            "extra": {
                "class": "PackageVersions\\Installer",
                "branch-alias": {
                    "dev-master": "1.x-dev"
                }
            },
            "autoload": {
                "psr-4": {
                    "PackageVersions\\": "src/PackageVersions"
                }
            },
            "notification-url": "https://packagist.org/downloads/",
            "license": [
                "MIT"
            ],
            "authors": [
                {
                    "name": "Marco Pivetta",
                    "email": "ocramius@gmail.com"
                },
                {
                    "name": "Jordi Boggiano",
                    "email": "j.boggiano@seld.be"
                }
            ],
            "description": "Composer plugin that provides efficient querying for installed package versions (no runtime IO)",
            "support": {
                "issues": "https://github.com/composer/package-versions-deprecated/issues",
                "source": "https://github.com/composer/package-versions-deprecated/tree/1.11.99.2"
            },
            "funding": [
                {
                    "url": "https://packagist.com",
                    "type": "custom"
                },
                {
                    "url": "https://github.com/composer",
                    "type": "github"
                },
                {
                    "url": "https://tidelift.com/funding/github/packagist/composer/composer",
                    "type": "tidelift"
                }
            ],
            "time": "2021-05-24T07:46:03+00:00"
        },
        {
            "name": "doctrine/cache",
            "version": "1.11.3",
            "source": {
                "type": "git",
                "url": "https://github.com/doctrine/cache.git",
                "reference": "3bb5588cec00a0268829cc4a518490df6741af9d"
            },
            "dist": {
                "type": "zip",
                "url": "https://api.github.com/repos/doctrine/cache/zipball/3bb5588cec00a0268829cc4a518490df6741af9d",
                "reference": "3bb5588cec00a0268829cc4a518490df6741af9d",
                "shasum": ""
            },
            "require": {
                "php": "~7.1 || ^8.0"
            },
            "conflict": {
                "doctrine/common": ">2.2,<2.4",
                "psr/cache": ">=3"
            },
            "require-dev": {
                "alcaeus/mongo-php-adapter": "^1.1",
                "cache/integration-tests": "dev-master",
                "doctrine/coding-standard": "^8.0",
                "mongodb/mongodb": "^1.1",
                "phpunit/phpunit": "^7.0 || ^8.0 || ^9.0",
                "predis/predis": "~1.0",
                "psr/cache": "^1.0 || ^2.0",
                "symfony/cache": "^4.4 || ^5.2"
            },
            "suggest": {
                "alcaeus/mongo-php-adapter": "Required to use legacy MongoDB driver"
            },
            "type": "library",
            "autoload": {
                "psr-4": {
                    "Doctrine\\Common\\Cache\\": "lib/Doctrine/Common/Cache"
                }
            },
            "notification-url": "https://packagist.org/downloads/",
            "license": [
                "MIT"
            ],
            "authors": [
                {
                    "name": "Guilherme Blanco",
                    "email": "guilhermeblanco@gmail.com"
                },
                {
                    "name": "Roman Borschel",
                    "email": "roman@code-factory.org"
                },
                {
                    "name": "Benjamin Eberlei",
                    "email": "kontakt@beberlei.de"
                },
                {
                    "name": "Jonathan Wage",
                    "email": "jonwage@gmail.com"
                },
                {
                    "name": "Johannes Schmitt",
                    "email": "schmittjoh@gmail.com"
                }
            ],
            "description": "PHP Doctrine Cache library is a popular cache implementation that supports many different drivers such as redis, memcache, apc, mongodb and others.",
            "homepage": "https://www.doctrine-project.org/projects/cache.html",
            "keywords": [
                "abstraction",
                "apcu",
                "cache",
                "caching",
                "couchdb",
                "memcached",
                "php",
                "redis",
                "xcache"
            ],
            "support": {
                "issues": "https://github.com/doctrine/cache/issues",
                "source": "https://github.com/doctrine/cache/tree/1.11.3"
            },
            "funding": [
                {
                    "url": "https://www.doctrine-project.org/sponsorship.html",
                    "type": "custom"
                },
                {
                    "url": "https://www.patreon.com/phpdoctrine",
                    "type": "patreon"
                },
                {
                    "url": "https://tidelift.com/funding/github/packagist/doctrine%2Fcache",
                    "type": "tidelift"
                }
            ],
            "time": "2021-05-25T09:01:55+00:00"
        },
        {
            "name": "doctrine/dbal",
            "version": "3.0.0",
            "source": {
                "type": "git",
                "url": "https://github.com/doctrine/dbal.git",
                "reference": "ee6d1260d5cc20ec506455a585945d7bdb98662c"
            },
            "dist": {
                "type": "zip",
                "url": "https://api.github.com/repos/doctrine/dbal/zipball/ee6d1260d5cc20ec506455a585945d7bdb98662c",
                "reference": "ee6d1260d5cc20ec506455a585945d7bdb98662c",
                "shasum": ""
            },
            "require": {
                "composer/package-versions-deprecated": "^1.11.99",
                "doctrine/cache": "^1.0",
                "doctrine/event-manager": "^1.0",
                "php": "^7.3 || ^8.0"
            },
            "require-dev": {
                "doctrine/coding-standard": "^8.1",
                "jetbrains/phpstorm-stubs": "^2019.1",
                "phpstan/phpstan": "^0.12.40",
                "phpstan/phpstan-strict-rules": "^0.12.2",
                "phpunit/phpunit": "^9.4",
                "psalm/plugin-phpunit": "^0.10.0",
                "symfony/console": "^2.0.5|^3.0|^4.0|^5.0",
                "vimeo/psalm": "^3.17.2"
            },
            "suggest": {
                "symfony/console": "For helpful console commands such as SQL execution and import of files."
            },
            "bin": [
                "bin/doctrine-dbal"
            ],
            "type": "library",
            "extra": {
                "branch-alias": {
                    "dev-master": "4.0.x-dev"
                }
            },
            "autoload": {
                "psr-4": {
                    "Doctrine\\DBAL\\": "src"
                }
            },
            "notification-url": "https://packagist.org/downloads/",
            "license": [
                "MIT"
            ],
            "authors": [
                {
                    "name": "Guilherme Blanco",
                    "email": "guilhermeblanco@gmail.com"
                },
                {
                    "name": "Roman Borschel",
                    "email": "roman@code-factory.org"
                },
                {
                    "name": "Benjamin Eberlei",
                    "email": "kontakt@beberlei.de"
                },
                {
                    "name": "Jonathan Wage",
                    "email": "jonwage@gmail.com"
                }
            ],
            "description": "Powerful PHP database abstraction layer (DBAL) with many features for database schema introspection and management.",
            "homepage": "https://www.doctrine-project.org/projects/dbal.html",
            "keywords": [
                "abstraction",
                "database",
                "db2",
                "dbal",
                "mariadb",
                "mssql",
                "mysql",
                "oci8",
                "oracle",
                "pdo",
                "pgsql",
                "postgresql",
                "queryobject",
                "sasql",
                "sql",
                "sqlite",
                "sqlserver",
                "sqlsrv"
            ],
            "support": {
                "issues": "https://github.com/doctrine/dbal/issues",
                "source": "https://github.com/doctrine/dbal/tree/3.0.0"
            },
            "funding": [
                {
                    "url": "https://www.doctrine-project.org/sponsorship.html",
                    "type": "custom"
                },
                {
                    "url": "https://www.patreon.com/phpdoctrine",
                    "type": "patreon"
                },
                {
                    "url": "https://tidelift.com/funding/github/packagist/doctrine%2Fdbal",
                    "type": "tidelift"
                }
            ],
            "time": "2020-11-15T18:20:41+00:00"
        },
        {
            "name": "doctrine/event-manager",
            "version": "1.1.1",
            "source": {
                "type": "git",
                "url": "https://github.com/doctrine/event-manager.git",
                "reference": "41370af6a30faa9dc0368c4a6814d596e81aba7f"
            },
            "dist": {
                "type": "zip",
                "url": "https://api.github.com/repos/doctrine/event-manager/zipball/41370af6a30faa9dc0368c4a6814d596e81aba7f",
                "reference": "41370af6a30faa9dc0368c4a6814d596e81aba7f",
                "shasum": ""
            },
            "require": {
                "php": "^7.1 || ^8.0"
            },
            "conflict": {
                "doctrine/common": "<2.9@dev"
            },
            "require-dev": {
                "doctrine/coding-standard": "^6.0",
                "phpunit/phpunit": "^7.0"
            },
            "type": "library",
            "extra": {
                "branch-alias": {
                    "dev-master": "1.0.x-dev"
                }
            },
            "autoload": {
                "psr-4": {
                    "Doctrine\\Common\\": "lib/Doctrine/Common"
                }
            },
            "notification-url": "https://packagist.org/downloads/",
            "license": [
                "MIT"
            ],
            "authors": [
                {
                    "name": "Guilherme Blanco",
                    "email": "guilhermeblanco@gmail.com"
                },
                {
                    "name": "Roman Borschel",
                    "email": "roman@code-factory.org"
                },
                {
                    "name": "Benjamin Eberlei",
                    "email": "kontakt@beberlei.de"
                },
                {
                    "name": "Jonathan Wage",
                    "email": "jonwage@gmail.com"
                },
                {
                    "name": "Johannes Schmitt",
                    "email": "schmittjoh@gmail.com"
                },
                {
                    "name": "Marco Pivetta",
                    "email": "ocramius@gmail.com"
                }
            ],
            "description": "The Doctrine Event Manager is a simple PHP event system that was built to be used with the various Doctrine projects.",
            "homepage": "https://www.doctrine-project.org/projects/event-manager.html",
            "keywords": [
                "event",
                "event dispatcher",
                "event manager",
                "event system",
                "events"
            ],
            "support": {
                "issues": "https://github.com/doctrine/event-manager/issues",
                "source": "https://github.com/doctrine/event-manager/tree/1.1.x"
            },
            "funding": [
                {
                    "url": "https://www.doctrine-project.org/sponsorship.html",
                    "type": "custom"
                },
                {
                    "url": "https://www.patreon.com/phpdoctrine",
                    "type": "patreon"
                },
                {
                    "url": "https://tidelift.com/funding/github/packagist/doctrine%2Fevent-manager",
                    "type": "tidelift"
                }
            ],
            "time": "2020-05-29T18:28:51+00:00"
        },
        {
            "name": "flow-php/etl",
            "version": "1.x-dev",
            "source": {
                "type": "git",
                "url": "https://github.com/flow-php/etl.git",
                "reference": "1a658a1779443c600641a5f35491b3682ea4e28a"
            },
            "dist": {
                "type": "zip",
                "url": "https://api.github.com/repos/flow-php/etl/zipball/1a658a1779443c600641a5f35491b3682ea4e28a",
                "reference": "1a658a1779443c600641a5f35491b3682ea4e28a",
                "shasum": ""
            },
            "require": {
                "ext-mbstring": "*",
                "php": "^7.4 | ^8.0"
            },
            "default-branch": true,
            "type": "library",
            "autoload": {
                "psr-4": {
                    "Flow\\": [
                        "src/Flow"
                    ]
                }
            },
            "notification-url": "https://packagist.org/downloads/",
            "license": [
                "MIT"
            ],
            "description": "PHP ETL - Extract Transform Load - Abstraction",
            "keywords": [
                "etl",
                "extract",
                "load",
                "transform"
            ],
            "support": {
                "issues": "https://github.com/flow-php/etl/issues",
                "source": "https://github.com/flow-php/etl/tree/1.x"
            },
            "time": "2021-06-14T11:28:44+00:00"
        }
    ],
    "packages-dev": [
        {
            "name": "flow-php/doctrine-dbal-bulk",
            "version": "1.x-dev",
            "source": {
                "type": "git",
                "url": "https://github.com/flow-php/doctrine-dbal-bulk.git",
                "reference": "ebe3165247a84a0fbc89608e9f636cbfdc649914"
            },
            "dist": {
                "type": "zip",
                "url": "https://api.github.com/repos/flow-php/doctrine-dbal-bulk/zipball/ebe3165247a84a0fbc89608e9f636cbfdc649914",
                "reference": "ebe3165247a84a0fbc89608e9f636cbfdc649914",
                "shasum": ""
            },
            "require": {
                "doctrine/dbal": "^2.12 | 3.0",
                "php": "^7.4 | ^8.0"
            },
            "default-branch": true,
            "type": "library",
            "autoload": {
                "psr-4": {
                    "Flow\\Doctrine\\Bulk\\": [
                        "src/Flow/Doctrine/Bulk"
                    ]
                }
            },
            "notification-url": "https://packagist.org/downloads/",
            "license": [
                "MIT"
            ],
            "description": "Bulk inserts and updates for Doctrine DBAL",
            "keywords": [
                "bulk",
                "dbal",
                "doctrine",
                "insert",
                "upsert"
            ],
            "support": {
                "issues": "https://github.com/flow-php/doctrine-dbal-bulk/issues",
                "source": "https://github.com/flow-php/doctrine-dbal-bulk/tree/1.x"
            },
            "time": "2021-03-30T07:43:05+00:00"
        }
    ],
    "aliases": [],
    "minimum-stability": "dev",
    "stability-flags": {
        "flow-php/etl": 20,
        "flow-php/doctrine-dbal-bulk": 20
    },
    "prefer-stable": true,
    "prefer-lowest": false,
    "platform": {
        "php": "^7.4.2 | ^8.0"
    },
    "platform-dev": [],
    "plugin-api-version": "2.0.0"
}
