{
    "_readme": [
        "This file locks the dependencies of your project to a known state",
        "Read more about it at https://getcomposer.org/doc/01-basic-usage.md#installing-dependencies",
        "This file is @generated automatically"
    ],
    "content-hash": "9c44f65c6558f86d814c972406ba0b0e",
    "packages": [
        {
            "name": "flow-php/etl",
            "version": "1.x-dev",
            "source": {
                "type": "git",
                "url": "https://github.com/flow-php/etl.git",
                "reference": "4bfbf352e42aea37882e3bbbb55e1f1700bca348"
            },
            "dist": {
                "type": "zip",
                "url": "https://api.github.com/repos/flow-php/etl/zipball/4bfbf352e42aea37882e3bbbb55e1f1700bca348",
                "reference": "4bfbf352e42aea37882e3bbbb55e1f1700bca348",
                "shasum": ""
            },
            "require": {
                "ext-mbstring": "*",
                "php": "^7.4 | ^8.0"
            },
            "default-branch": true,
            "type": "library",
            "autoload": {
                "psr-4": {
                    "Flow\\": [
                        "src/Flow"
                    ]
                }
            },
            "notification-url": "https://packagist.org/downloads/",
            "license": [
                "MIT"
            ],
            "description": "PHP ETL - Extract Transform Load - Abstraction",
            "keywords": [
                "etl",
                "extract",
                "load",
                "transform"
            ],
            "support": {
                "issues": "https://github.com/flow-php/etl/issues",
                "source": "https://github.com/flow-php/etl/tree/1.x"
            },
            "time": "2021-06-14T09:44:06+00:00"
        }
    ],
    "packages-dev": [
        {
            "name": "halaxa/json-machine",
            "version": "0.7.1",
            "source": {
                "type": "git",
                "url": "https://github.com/halaxa/json-machine.git",
                "reference": "1d119aeed3e8c62a13d059b595e89fc5c0df2576"
            },
            "dist": {
                "type": "zip",
                "url": "https://api.github.com/repos/halaxa/json-machine/zipball/1d119aeed3e8c62a13d059b595e89fc5c0df2576",
                "reference": "1d119aeed3e8c62a13d059b595e89fc5c0df2576",
                "shasum": ""
            },
            "require": {
                "php": ">=5.6"
            },
            "require-dev": {
                "ext-json": "*",
                "friendsofphp/php-cs-fixer": "^3.0",
                "phpunit/phpunit": "^8.0"
            },
            "suggest": {
                "ext-json": "To run JSON Machine out of the box without custom decoders.",
                "guzzlehttp/guzzle": "To run example with GuzzleHttp"
            },
            "type": "library",
            "autoload": {
                "psr-4": {
                    "JsonMachine\\": "src/"
                },
                "files": [
                    "src/functions.php"
                ]
            },
            "notification-url": "https://packagist.org/downloads/",
            "license": [
                "Apache-2.0"
            ],
            "authors": [
                {
                    "name": "Filip Halaxa",
                    "email": "filip@halaxa.cz"
                }
            ],
            "description": "Efficient, easy-to-use and fast JSON pull parser",
            "support": {
                "issues": "https://github.com/halaxa/json-machine/issues",
                "source": "https://github.com/halaxa/json-machine/tree/0.7.1"
            },
            "time": "2021-12-06T13:33:35+00:00"
        }
    ],
    "aliases": [],
    "minimum-stability": "dev",
    "stability-flags": {
        "flow-php/etl": 20
    },
    "prefer-stable": true,
    "prefer-lowest": false,
    "platform": {
        "php": "^7.4 | ^8.0",
        "ext-json": "*"
    },
    "platform-dev": [],
    "plugin-api-version": "2.1.0"
}
