{
    "_readme": [
        "This file locks the dependencies of your project to a known state",
        "Read more about it at https://getcomposer.org/doc/01-basic-usage.md#installing-dependencies",
        "This file is @generated automatically"
    ],
    "content-hash": "6bda5c56fdf4cad4191f740800b9deb8",
    "packages": [
        {
            "name": "elasticsearch/elasticsearch",
            "version": "v7.17.0",
            "source": {
                "type": "git",
                "url": "https://github.com/elastic/elasticsearch-php.git",
                "reference": "1890f9d7fde076b5a3ddcf579a802af05b2e781b"
            },
            "dist": {
                "type": "zip",
                "url": "https://api.github.com/repos/elastic/elasticsearch-php/zipball/1890f9d7fde076b5a3ddcf579a802af05b2e781b",
                "reference": "1890f9d7fde076b5a3ddcf579a802af05b2e781b",
                "shasum": ""
            },
            "require": {
                "ext-json": ">=1.3.7",
                "ezimuel/ringphp": "^1.1.2",
                "php": "^7.3 || ^8.0",
                "psr/log": "^1|^2|^3"
            },
            "require-dev": {
                "ext-yaml": "*",
                "ext-zip": "*",
                "mockery/mockery": "^1.2",
                "phpstan/phpstan": "^0.12",
                "phpunit/phpunit": "^9.3",
                "squizlabs/php_codesniffer": "^3.4",
                "symfony/finder": "~4.0"
            },
            "suggest": {
                "ext-curl": "*",
                "monolog/monolog": "Allows for client-level logging and tracing"
            },
            "type": "library",
            "autoload": {
                "files": [
                    "src/autoload.php"
                ],
                "psr-4": {
                    "Elasticsearch\\": "src/Elasticsearch/"
                }
            },
            "notification-url": "https://packagist.org/downloads/",
            "license": [
                "Apache-2.0",
                "LGPL-2.1-only"
            ],
            "authors": [
                {
                    "name": "Zachary Tong"
                },
                {
                    "name": "Enrico Zimuel"
                }
            ],
            "description": "PHP Client for Elasticsearch",
            "keywords": [
                "client",
                "elasticsearch",
                "search"
            ],
            "support": {
                "issues": "https://github.com/elastic/elasticsearch-php/issues",
                "source": "https://github.com/elastic/elasticsearch-php/tree/v7.17.0"
            },
            "time": "2022-02-03T13:40:04+00:00"
        },
        {
            "name": "ezimuel/guzzlestreams",
            "version": "3.0.1",
            "source": {
                "type": "git",
                "url": "https://github.com/ezimuel/guzzlestreams.git",
                "reference": "abe3791d231167f14eb80d413420d1eab91163a8"
            },
            "dist": {
                "type": "zip",
                "url": "https://api.github.com/repos/ezimuel/guzzlestreams/zipball/abe3791d231167f14eb80d413420d1eab91163a8",
                "reference": "abe3791d231167f14eb80d413420d1eab91163a8",
                "shasum": ""
            },
            "require": {
                "php": ">=5.4.0"
            },
            "require-dev": {
                "phpunit/phpunit": "~4.0"
            },
            "type": "library",
            "extra": {
                "branch-alias": {
                    "dev-master": "3.0-dev"
                }
            },
            "autoload": {
                "psr-4": {
                    "GuzzleHttp\\Stream\\": "src/"
                }
            },
            "notification-url": "https://packagist.org/downloads/",
            "license": [
                "MIT"
            ],
            "authors": [
                {
                    "name": "Michael Dowling",
                    "email": "mtdowling@gmail.com",
                    "homepage": "https://github.com/mtdowling"
                }
            ],
            "description": "Fork of guzzle/streams (abandoned) to be used with elasticsearch-php",
            "homepage": "http://guzzlephp.org/",
            "keywords": [
                "Guzzle",
                "stream"
            ],
            "support": {
                "source": "https://github.com/ezimuel/guzzlestreams/tree/3.0.1"
            },
            "time": "2020-02-14T23:11:50+00:00"
        },
        {
            "name": "ezimuel/ringphp",
            "version": "1.2.0",
            "source": {
                "type": "git",
                "url": "https://github.com/ezimuel/ringphp.git",
                "reference": "92b8161404ab1ad84059ebed41d9f757e897ce74"
            },
            "dist": {
                "type": "zip",
                "url": "https://api.github.com/repos/ezimuel/ringphp/zipball/92b8161404ab1ad84059ebed41d9f757e897ce74",
                "reference": "92b8161404ab1ad84059ebed41d9f757e897ce74",
                "shasum": ""
            },
            "require": {
                "ezimuel/guzzlestreams": "^3.0.1",
                "php": ">=5.4.0",
                "react/promise": "~2.0"
            },
            "replace": {
                "guzzlehttp/ringphp": "self.version"
            },
            "require-dev": {
                "ext-curl": "*",
                "phpunit/phpunit": "~9.0"
            },
            "suggest": {
                "ext-curl": "Guzzle will use specific adapters if cURL is present"
            },
            "type": "library",
            "extra": {
                "branch-alias": {
                    "dev-master": "1.1-dev"
                }
            },
            "autoload": {
                "psr-4": {
                    "GuzzleHttp\\Ring\\": "src/"
                }
            },
            "notification-url": "https://packagist.org/downloads/",
            "license": [
                "MIT"
            ],
            "authors": [
                {
                    "name": "Michael Dowling",
                    "email": "mtdowling@gmail.com",
                    "homepage": "https://github.com/mtdowling"
                }
            ],
            "description": "Fork of guzzle/RingPHP (abandoned) to be used with elasticsearch-php",
            "support": {
                "source": "https://github.com/ezimuel/ringphp/tree/1.2.0"
            },
            "time": "2021-11-16T11:51:30+00:00"
        },
        {
            "name": "flow-php/array-dot",
            "version": "1.x-dev",
            "source": {
                "type": "git",
                "url": "https://github.com/flow-php/array-dot.git",
                "reference": "c0688bb9e2c90f343779bc3b1761e11bd26da55f"
            },
            "dist": {
                "type": "zip",
                "url": "https://api.github.com/repos/flow-php/array-dot/zipball/c0688bb9e2c90f343779bc3b1761e11bd26da55f",
                "reference": "c0688bb9e2c90f343779bc3b1761e11bd26da55f",
                "shasum": ""
            },
            "require": {
                "php": "~8.1"
            },
            "default-branch": true,
            "type": "library",
            "autoload": {
                "files": [
                    "src/Flow/ArrayDot/array_dot.php"
                ],
                "psr-4": {
                    "Flow\\": [
                        "src/Flow"
                    ]
                }
            },
            "notification-url": "https://packagist.org/downloads/",
            "license": [
                "MIT"
            ],
            "description": "PHP ETL - Array Dot fuctions",
            "keywords": [
                "array",
                "dot",
                "etl",
                "extract",
                "filter",
                "load",
                "transform"
            ],
            "support": {
                "issues": "https://github.com/flow-php/array-dot/issues",
                "source": "https://github.com/flow-php/array-dot/tree/1.x"
            },
            "time": "2022-04-10T09:46:31+00:00"
        },
        {
            "name": "flow-php/etl",
            "version": "1.x-dev",
            "source": {
                "type": "git",
                "url": "https://github.com/flow-php/etl.git",
                "reference": "342a9245ed9d566c70b8e43b78a6a185066f2b49"
            },
            "dist": {
                "type": "zip",
                "url": "https://api.github.com/repos/flow-php/etl/zipball/342a9245ed9d566c70b8e43b78a6a185066f2b49",
                "reference": "342a9245ed9d566c70b8e43b78a6a185066f2b49",
                "shasum": ""
            },
            "require": {
                "ext-json": "*",
                "ext-mbstring": "*",
                "flow-php/array-dot": "^1.0@dev",
                "php": "~8.1"
            },
            "require-dev": {
                "jawira/case-converter": "^3.4",
                "laminas/laminas-hydrator": "^4.0",
                "laravel/serializable-closure": "^1.1",
                "symfony/validator": "^5.3 || ^6.0"
            },
            "suggest": {
                "jawira/case-converter": "Provides CaseConverter that is required by the EntryNameCaseConverterTransformer",
                "laminas/laminas-hydrator": "Help converting ObjectEntry into ArrayEntry that can be later unpack into standalone Entries",
                "ocramius/generated-hydrator": "Provieds generated hydrator that implemenets Laminas\\Hydrator\\HydratorInterface"
            },
            "default-branch": true,
            "type": "library",
            "autoload": {
                "psr-4": {
                    "Flow\\": [
                        "src/Flow"
                    ]
                }
            },
            "notification-url": "https://packagist.org/downloads/",
            "license": [
                "MIT"
            ],
            "description": "PHP ETL - Extract Transform Load - Abstraction",
            "keywords": [
                "etl",
                "extract",
                "load",
                "transform"
            ],
            "support": {
                "issues": "https://github.com/flow-php/etl/issues",
                "source": "https://github.com/flow-php/etl/tree/1.x"
            },
            "time": "2022-06-10T06:08:49+00:00"
        },
        {
            "name": "psr/log",
            "version": "3.0.0",
            "source": {
                "type": "git",
                "url": "https://github.com/php-fig/log.git",
                "reference": "fe5ea303b0887d5caefd3d431c3e61ad47037001"
            },
            "dist": {
                "type": "zip",
                "url": "https://api.github.com/repos/php-fig/log/zipball/fe5ea303b0887d5caefd3d431c3e61ad47037001",
                "reference": "fe5ea303b0887d5caefd3d431c3e61ad47037001",
                "shasum": ""
            },
            "require": {
                "php": ">=8.0.0"
            },
            "type": "library",
            "extra": {
                "branch-alias": {
                    "dev-master": "3.x-dev"
                }
            },
            "autoload": {
                "psr-4": {
                    "Psr\\Log\\": "src"
                }
            },
            "notification-url": "https://packagist.org/downloads/",
            "license": [
                "MIT"
            ],
            "authors": [
                {
                    "name": "PHP-FIG",
                    "homepage": "https://www.php-fig.org/"
                }
            ],
            "description": "Common interface for logging libraries",
            "homepage": "https://github.com/php-fig/log",
            "keywords": [
                "log",
                "psr",
                "psr-3"
            ],
            "support": {
                "source": "https://github.com/php-fig/log/tree/3.0.0"
            },
            "time": "2021-07-14T16:46:02+00:00"
        },
        {
            "name": "react/promise",
            "version": "v2.9.0",
            "source": {
                "type": "git",
                "url": "https://github.com/reactphp/promise.git",
                "reference": "234f8fd1023c9158e2314fa9d7d0e6a83db42910"
            },
            "dist": {
                "type": "zip",
                "url": "https://api.github.com/repos/reactphp/promise/zipball/234f8fd1023c9158e2314fa9d7d0e6a83db42910",
                "reference": "234f8fd1023c9158e2314fa9d7d0e6a83db42910",
                "shasum": ""
            },
            "require": {
                "php": ">=5.4.0"
            },
            "require-dev": {
                "phpunit/phpunit": "^9.3 || ^5.7 || ^4.8.36"
            },
            "type": "library",
            "autoload": {
                "files": [
                    "src/functions_include.php"
                ],
                "psr-4": {
                    "React\\Promise\\": "src/"
                }
            },
            "notification-url": "https://packagist.org/downloads/",
            "license": [
                "MIT"
            ],
            "authors": [
                {
                    "name": "Jan Sorgalla",
                    "email": "jsorgalla@gmail.com",
                    "homepage": "https://sorgalla.com/"
                },
                {
                    "name": "Christian Lück",
                    "email": "christian@clue.engineering",
                    "homepage": "https://clue.engineering/"
                },
                {
                    "name": "Cees-Jan Kiewiet",
                    "email": "reactphp@ceesjankiewiet.nl",
                    "homepage": "https://wyrihaximus.net/"
                },
                {
                    "name": "Chris Boden",
                    "email": "cboden@gmail.com",
                    "homepage": "https://cboden.dev/"
                }
            ],
            "description": "A lightweight implementation of CommonJS Promises/A for PHP",
            "keywords": [
                "promise",
                "promises"
            ],
            "support": {
                "issues": "https://github.com/reactphp/promise/issues",
                "source": "https://github.com/reactphp/promise/tree/v2.9.0"
            },
            "funding": [
                {
                    "url": "https://github.com/WyriHaximus",
                    "type": "github"
                },
                {
                    "url": "https://github.com/clue",
                    "type": "github"
                }
            ],
            "time": "2022-02-11T10:27:51+00:00"
        }
    ],
    "packages-dev": [],
    "aliases": [],
    "minimum-stability": "dev",
    "stability-flags": {
        "flow-php/etl": 20
    },
    "prefer-stable": true,
    "prefer-lowest": false,
    "platform": {
        "php": "~8.1",
        "ext-json": "*"
    },
    "platform-dev": [],
    "plugin-api-version": "2.3.0"
}
