{
    "_readme": [
        "This file locks the dependencies of your project to a known state",
        "Read more about it at https://getcomposer.org/doc/01-basic-usage.md#installing-dependencies",
        "This file is @generated automatically"
    ],
    "content-hash": "8966d685eebd0d9bde7cc6e3f73685c6",
    "packages": [
        {
            "name": "flow-php/filesystem",
            "version": "1.x-dev",
            "source": {
                "type": "git",
                "url": "https://github.com/flow-php/filesystem.git",
                "reference": "8bfe0b20ecb0ef5a293f0eca9552d5df8c148ec7"
            },
            "dist": {
                "type": "zip",
                "url": "https://api.github.com/repos/flow-php/filesystem/zipball/8bfe0b20ecb0ef5a293f0eca9552d5df8c148ec7",
                "reference": "8bfe0b20ecb0ef5a293f0eca9552d5df8c148ec7",
                "shasum": ""
            },
            "require": {
                "flow-php/telemetry": "self.version",
                "flow-php/types": "self.version",
                "php": "~8.3.0 || ~8.4.0 || ~8.5.0",
                "symfony/polyfill-mbstring": "^1.33",
                "webmozart/glob": "^3.0 || ^4.0"
            },
            "default-branch": true,
            "type": "library",
            "autoload": {
                "files": [
                    "src/Flow/Filesystem/DSL/functions.php"
                ],
                "psr-4": {
                    "Flow\\": [
                        "src/Flow"
                    ]
                }
            },
            "notification-url": "https://packagist.org/downloads/",
            "license": [
                "MIT"
            ],
            "description": "PHP ETL - Filesystem abstraction",
            "keywords": [
                "aws",
                "azure",
                "etl",
                "extract",
                "filesystem",
                "gcp",
                "load",
                "remote",
                "transform"
            ],
            "support": {
                "issues": "https://github.com/flow-php/filesystem/issues",
                "source": "https://github.com/flow-php/filesystem/tree/1.x"
            },
            "funding": [
                {
                    "url": "https://flow-php.com/sponsor",
                    "type": "custom"
                },
                {
                    "url": "https://github.com/norberttech",
                    "type": "github"
                }
            ],
            "time": "2026-05-11T20:05:24+00:00"
        },
        {
            "name": "flow-php/snappy",
            "version": "1.x-dev",
            "source": {
                "type": "git",
                "url": "https://github.com/flow-php/snappy.git",
                "reference": "9121489ce2cacef61cc21ed4a6a5a25d8466856b"
            },
            "dist": {
                "type": "zip",
                "url": "https://api.github.com/repos/flow-php/snappy/zipball/9121489ce2cacef61cc21ed4a6a5a25d8466856b",
                "reference": "9121489ce2cacef61cc21ed4a6a5a25d8466856b",
                "shasum": ""
            },
            "require": {
                "php": "~8.3.0 || ~8.4.0 || ~8.5.0"
            },
            "default-branch": true,
            "type": "library",
            "autoload": {
                "files": [
                    "polyfill.php"
                ],
                "psr-4": {
                    "Flow\\": [
                        "src/Flow"
                    ]
                }
            },
            "notification-url": "https://packagist.org/downloads/",
            "license": [
                "MIT"
            ],
            "description": "PHP ETL - Google Snappy compression algorithm implementation",
            "keywords": [
                "Algorithm",
                "compression",
                "etl",
                "extract",
                "filter",
                "load",
                "snappy",
                "transform"
            ],
            "support": {
                "issues": "https://github.com/flow-php/snappy/issues",
                "source": "https://github.com/flow-php/snappy/tree/1.x"
            },
            "funding": [
                {
                    "url": "https://flow-php.com/sponsor",
                    "type": "custom"
                },
                {
                    "url": "https://github.com/norberttech",
                    "type": "github"
                }
            ],
            "time": "2026-05-11T20:06:21+00:00"
        },
        {
            "name": "flow-php/telemetry",
            "version": "1.x-dev",
            "source": {
                "type": "git",
                "url": "https://github.com/flow-php/telemetry.git",
                "reference": "0cbebd005d2d082ece89146209a7450a240471e7"
            },
            "dist": {
                "type": "zip",
                "url": "https://api.github.com/repos/flow-php/telemetry/zipball/0cbebd005d2d082ece89146209a7450a240471e7",
                "reference": "0cbebd005d2d082ece89146209a7450a240471e7",
                "shasum": ""
            },
            "require": {
                "composer-runtime-api": "^2.2",
                "php": "~8.3.0 || ~8.4.0 || ~8.5.0",
                "psr/clock": "^1.0",
                "symfony/polyfill-mbstring": "^1.33"
            },
            "default-branch": true,
            "type": "library",
            "autoload": {
                "files": [
                    "src/Flow/Telemetry/DSL/functions.php"
                ],
                "psr-4": {
                    "Flow\\": [
                        "src/Flow"
                    ]
                }
            },
            "notification-url": "https://packagist.org/downloads/",
            "license": [
                "MIT"
            ],
            "description": "Flow PHP - Telemetry library for metrics and tracing",
            "keywords": [
                "Metrics",
                "php",
                "telemetry",
                "tracing"
            ],
            "support": {
                "issues": "https://github.com/flow-php/telemetry/issues",
                "source": "https://github.com/flow-php/telemetry/tree/1.x"
            },
            "funding": [
                {
                    "url": "https://flow-php.com/sponsor",
                    "type": "custom"
                },
                {
                    "url": "https://github.com/norberttech",
                    "type": "github"
                }
            ],
            "time": "2026-05-11T20:07:00+00:00"
        },
        {
            "name": "flow-php/types",
            "version": "1.x-dev",
            "source": {
                "type": "git",
                "url": "https://github.com/flow-php/types.git",
                "reference": "362594275360459d7447f94707cb055d8aead848"
            },
            "dist": {
                "type": "zip",
                "url": "https://api.github.com/repos/flow-php/types/zipball/362594275360459d7447f94707cb055d8aead848",
                "reference": "362594275360459d7447f94707cb055d8aead848",
                "shasum": ""
            },
            "require": {
                "php": "~8.3.0 || ~8.4.0 || ~8.5.0",
                "symfony/polyfill-mbstring": "^1.33"
            },
            "default-branch": true,
            "type": "library",
            "autoload": {
                "files": [
                    "src/Flow/Types/DSL/functions.php"
                ],
                "psr-4": {
                    "Flow\\": [
                        "src/Flow"
                    ]
                }
            },
            "notification-url": "https://packagist.org/downloads/",
            "license": [
                "MIT"
            ],
            "description": "Extended types for PHP aligned with modern static analysis tools to provide better type safety.",
            "keywords": [
                "php",
                "types"
            ],
            "support": {
                "issues": "https://github.com/flow-php/types/issues",
                "source": "https://github.com/flow-php/types/tree/1.x"
            },
            "funding": [
                {
                    "url": "https://flow-php.com/sponsor",
                    "type": "custom"
                },
                {
                    "url": "https://github.com/norberttech",
                    "type": "github"
                }
            ],
            "time": "2026-05-11T20:06:54+00:00"
        },
        {
            "name": "packaged/thrift",
            "version": "0.15.0",
            "source": {
                "type": "git",
                "url": "https://github.com/packaged/thrift.git",
                "reference": "dbf4e5ff5c85d56ccae62265ed25424b366ce269"
            },
            "dist": {
                "type": "zip",
                "url": "https://api.github.com/repos/packaged/thrift/zipball/dbf4e5ff5c85d56ccae62265ed25424b366ce269",
                "reference": "dbf4e5ff5c85d56ccae62265ed25424b366ce269",
                "shasum": ""
            },
            "require": {
                "php": "^5.5 || ^7.0 || ^8.0"
            },
            "type": "library",
            "autoload": {
                "psr-4": {
                    "Thrift\\": "src/"
                }
            },
            "notification-url": "https://packagist.org/downloads/",
            "license": [
                "Apache-2.0"
            ],
            "description": "Apache Thrift",
            "homepage": "http://thrift.apache.org/",
            "keywords": [
                "apache",
                "thrift"
            ],
            "support": {
                "issues": "https://github.com/packaged/thrift/issues",
                "source": "https://github.com/packaged/thrift/tree/0.15.0"
            },
            "time": "2021-09-23T10:34:40+00:00"
        },
        {
            "name": "psr/clock",
            "version": "1.0.0",
            "source": {
                "type": "git",
                "url": "https://github.com/php-fig/clock.git",
                "reference": "e41a24703d4560fd0acb709162f73b8adfc3aa0d"
            },
            "dist": {
                "type": "zip",
                "url": "https://api.github.com/repos/php-fig/clock/zipball/e41a24703d4560fd0acb709162f73b8adfc3aa0d",
                "reference": "e41a24703d4560fd0acb709162f73b8adfc3aa0d",
                "shasum": ""
            },
            "require": {
                "php": "^7.0 || ^8.0"
            },
            "type": "library",
            "autoload": {
                "psr-4": {
                    "Psr\\Clock\\": "src/"
                }
            },
            "notification-url": "https://packagist.org/downloads/",
            "license": [
                "MIT"
            ],
            "authors": [
                {
                    "name": "PHP-FIG",
                    "homepage": "https://www.php-fig.org/"
                }
            ],
            "description": "Common interface for reading the clock.",
            "homepage": "https://github.com/php-fig/clock",
            "keywords": [
                "clock",
                "now",
                "psr",
                "psr-20",
                "time"
            ],
            "support": {
                "issues": "https://github.com/php-fig/clock/issues",
                "source": "https://github.com/php-fig/clock/tree/1.0.0"
            },
            "time": "2022-11-25T14:36:26+00:00"
        },
        {
            "name": "symfony/polyfill-mbstring",
            "version": "v1.37.0",
            "source": {
                "type": "git",
                "url": "https://github.com/symfony/polyfill-mbstring.git",
                "reference": "6a21eb99c6973357967f6ce3708cd55a6bec6315"
            },
            "dist": {
                "type": "zip",
                "url": "https://api.github.com/repos/symfony/polyfill-mbstring/zipball/6a21eb99c6973357967f6ce3708cd55a6bec6315",
                "reference": "6a21eb99c6973357967f6ce3708cd55a6bec6315",
                "shasum": ""
            },
            "require": {
                "ext-iconv": "*",
                "php": ">=7.2"
            },
            "provide": {
                "ext-mbstring": "*"
            },
            "suggest": {
                "ext-mbstring": "For best performance"
            },
            "type": "library",
            "extra": {
                "thanks": {
                    "url": "https://github.com/symfony/polyfill",
                    "name": "symfony/polyfill"
                }
            },
            "autoload": {
                "files": [
                    "bootstrap.php"
                ],
                "psr-4": {
                    "Symfony\\Polyfill\\Mbstring\\": ""
                }
            },
            "notification-url": "https://packagist.org/downloads/",
            "license": [
                "MIT"
            ],
            "authors": [
                {
                    "name": "Nicolas Grekas",
                    "email": "p@tchwork.com"
                },
                {
                    "name": "Symfony Community",
                    "homepage": "https://symfony.com/contributors"
                }
            ],
            "description": "Symfony polyfill for the Mbstring extension",
            "homepage": "https://symfony.com",
            "keywords": [
                "compatibility",
                "mbstring",
                "polyfill",
                "portable",
                "shim"
            ],
            "support": {
                "source": "https://github.com/symfony/polyfill-mbstring/tree/v1.37.0"
            },
            "funding": [
                {
                    "url": "https://symfony.com/sponsor",
                    "type": "custom"
                },
                {
                    "url": "https://github.com/fabpot",
                    "type": "github"
                },
                {
                    "url": "https://github.com/nicolas-grekas",
                    "type": "github"
                },
                {
                    "url": "https://tidelift.com/funding/github/packagist/symfony/symfony",
                    "type": "tidelift"
                }
            ],
            "time": "2026-04-10T17:25:58+00:00"
        },
        {
            "name": "webmozart/glob",
            "version": "4.7.0",
            "source": {
                "type": "git",
                "url": "https://github.com/webmozarts/glob.git",
                "reference": "8a2842112d6916e61e0e15e316465b611f3abc17"
            },
            "dist": {
                "type": "zip",
                "url": "https://api.github.com/repos/webmozarts/glob/zipball/8a2842112d6916e61e0e15e316465b611f3abc17",
                "reference": "8a2842112d6916e61e0e15e316465b611f3abc17",
                "shasum": ""
            },
            "require": {
                "php": "^7.3 || ^8.0.0"
            },
            "require-dev": {
                "phpunit/phpunit": "^9.5",
                "symfony/filesystem": "^5.3"
            },
            "type": "library",
            "extra": {
                "branch-alias": {
                    "dev-master": "4.1-dev"
                }
            },
            "autoload": {
                "psr-4": {
                    "Webmozart\\Glob\\": "src/"
                }
            },
            "notification-url": "https://packagist.org/downloads/",
            "license": [
                "MIT"
            ],
            "authors": [
                {
                    "name": "Bernhard Schussek",
                    "email": "bschussek@gmail.com"
                }
            ],
            "description": "A PHP implementation of Ant's glob.",
            "support": {
                "issues": "https://github.com/webmozarts/glob/issues",
                "source": "https://github.com/webmozarts/glob/tree/4.7.0"
            },
            "time": "2024-03-07T20:33:40+00:00"
        }
    ],
    "packages-dev": [],
    "aliases": [],
    "minimum-stability": "dev",
    "stability-flags": {
        "flow-php/filesystem": 20,
        "flow-php/snappy": 20
    },
    "prefer-stable": true,
    "prefer-lowest": false,
    "platform": {
        "php": "~8.3.0 || ~8.4.0 || ~8.5.0",
        "ext-bcmath": "*",
        "ext-zlib": "*",
        "composer-runtime-api": "^2.2"
    },
    "platform-dev": {},
    "plugin-api-version": "2.9.0"
}
