{
    "_readme": [
        "This file locks the dependencies of your project to a known state",
        "Read more about it at https://getcomposer.org/doc/01-basic-usage.md#installing-dependencies",
        "This file is @generated automatically"
    ],
    "content-hash": "97446ed8297a645976efe31b0d688175",
    "packages": [],
    "packages-dev": [
        {
            "name": "phpstan/phpstan",
            "version": "2.1.14",
            "source": {
                "type": "git",
                "url": "https://github.com/phpstan/phpstan.git",
                "reference": "8f2e03099cac24ff3b379864d171c5acbfc6b9a2"
            },
            "dist": {
                "type": "zip",
                "url": "https://api.github.com/repos/phpstan/phpstan/zipball/8f2e03099cac24ff3b379864d171c5acbfc6b9a2",
                "reference": "8f2e03099cac24ff3b379864d171c5acbfc6b9a2",
                "shasum": ""
            },
            "require": {
                "php": "^7.4|^8.0"
            },
            "conflict": {
                "phpstan/phpstan-shim": "*"
            },
            "bin": [
                "phpstan",
                "phpstan.phar"
            ],
            "type": "library",
            "autoload": {
                "files": [
                    "bootstrap.php"
                ]
            },
            "notification-url": "https://packagist.org/downloads/",
            "license": [
                "MIT"
            ],
            "description": "PHPStan - PHP Static Analysis Tool",
            "keywords": [
                "dev",
                "static analysis"
            ],
            "support": {
                "docs": "https://phpstan.org/user-guide/getting-started",
                "forum": "https://github.com/phpstan/phpstan/discussions",
                "issues": "https://github.com/phpstan/phpstan/issues",
                "security": "https://github.com/phpstan/phpstan/security/policy",
                "source": "https://github.com/phpstan/phpstan-src"
            },
            "funding": [
                {
                    "url": "https://github.com/ondrejmirtes",
                    "type": "github"
                },
                {
                    "url": "https://github.com/phpstan",
                    "type": "github"
                }
            ],
            "time": "2025-05-02T15:32:28+00:00"
        },
        {
            "name": "spaze/phpstan-disallowed-calls",
            "version": "v4.5.0",
            "source": {
                "type": "git",
                "url": "https://github.com/spaze/phpstan-disallowed-calls.git",
                "reference": "1c5e6996bd75a1460f5e2683fc4294665b37bee2"
            },
            "dist": {
                "type": "zip",
                "url": "https://api.github.com/repos/spaze/phpstan-disallowed-calls/zipball/1c5e6996bd75a1460f5e2683fc4294665b37bee2",
                "reference": "1c5e6996bd75a1460f5e2683fc4294665b37bee2",
                "shasum": ""
            },
            "require": {
                "php": "^7.4 || ^8.0",
                "phpstan/phpstan": "^1.12.6 || ^2.0"
            },
            "require-dev": {
                "nette/neon": "^3.3.1",
                "nikic/php-parser": "^4.13.2 || ^5.0",
                "php-parallel-lint/php-console-highlighter": "^1.0",
                "php-parallel-lint/php-parallel-lint": "^1.2",
                "phpstan/phpstan-deprecation-rules": "^1.2 || ^2.0",
                "phpunit/phpunit": "^8.5.14 || ^10.1 || ^11.0 || ^12.0",
                "spaze/coding-standard": "^1.8"
            },
            "type": "phpstan-extension",
            "extra": {
                "phpstan": {
                    "includes": [
                        "extension.neon"
                    ]
                }
            },
            "autoload": {
                "psr-4": {
                    "Spaze\\PHPStan\\Rules\\Disallowed\\": "src"
                }
            },
            "notification-url": "https://packagist.org/downloads/",
            "license": [
                "MIT"
            ],
            "authors": [
                {
                    "name": "Michal Špaček",
                    "email": "mail@michalspacek.cz",
                    "homepage": "https://www.michalspacek.cz"
                }
            ],
            "description": "PHPStan rules to detect disallowed method & function calls, constant, namespace, attribute & superglobal usages, with powerful rules to re-allow a call or a usage in places where it should be allowed.",
            "keywords": [
                "static analysis"
            ],
            "support": {
                "issues": "https://github.com/spaze/phpstan-disallowed-calls/issues",
                "source": "https://github.com/spaze/phpstan-disallowed-calls/tree/v4.5.0"
            },
            "funding": [
                {
                    "url": "https://github.com/spaze",
                    "type": "github"
                }
            ],
            "time": "2025-04-10T19:01:43+00:00"
        }
    ],
    "aliases": [],
    "minimum-stability": "stable",
    "stability-flags": [],
    "prefer-stable": false,
    "prefer-lowest": false,
    "platform": [],
    "platform-dev": [],
    "plugin-api-version": "2.3.0"
}
