{
    "_readme": [
        "This file locks the dependencies of your project to a known state",
        "Read more about it at https://getcomposer.org/doc/01-basic-usage.md#installing-dependencies",
        "This file is @generated automatically"
    ],
    "content-hash": "fdb18ff9fd49b81bb4cbc310053f5956",
    "packages": [
        {
            "name": "flow-php/array-dot",
            "version": "1.x-dev",
            "source": {
                "type": "git",
                "url": "https://github.com/flow-php/array-dot.git",
                "reference": "d2e312eb54d307027b8ddfce0bf6c3fc7fcd2769"
            },
            "dist": {
                "type": "zip",
                "url": "https://api.github.com/repos/flow-php/array-dot/zipball/d2e312eb54d307027b8ddfce0bf6c3fc7fcd2769",
                "reference": "d2e312eb54d307027b8ddfce0bf6c3fc7fcd2769",
                "shasum": ""
            },
            "require": {
                "php": "~8.1"
            },
            "default-branch": true,
            "type": "library",
            "autoload": {
                "files": [
                    "src/Flow/ArrayDot/array_dot.php"
                ],
                "psr-4": {
                    "Flow\\": [
                        "src/Flow"
                    ]
                }
            },
            "notification-url": "https://packagist.org/downloads/",
            "license": [
                "MIT"
            ],
            "description": "PHP ETL - Array Dot fuctions",
            "keywords": [
                "array",
                "dot",
                "etl",
                "extract",
                "filter",
                "load",
                "transform"
            ],
            "support": {
                "issues": "https://github.com/flow-php/array-dot/issues",
                "source": "https://github.com/flow-php/array-dot/tree/1.x"
            },
            "time": "2022-07-13T21:19:44+00:00"
        },
        {
            "name": "flow-php/etl",
            "version": "1.x-dev",
            "source": {
                "type": "git",
                "url": "https://github.com/flow-php/etl.git",
                "reference": "dd5a8f14fbb7849075c03bc5ccdc4dc0c732e31d"
            },
            "dist": {
                "type": "zip",
                "url": "https://api.github.com/repos/flow-php/etl/zipball/dd5a8f14fbb7849075c03bc5ccdc4dc0c732e31d",
                "reference": "dd5a8f14fbb7849075c03bc5ccdc4dc0c732e31d",
                "shasum": ""
            },
            "require": {
                "ext-json": "*",
                "ext-mbstring": "*",
                "flow-php/array-dot": "^1.0@dev",
                "league/flysystem": "^3.0",
                "php": "~8.1"
            },
            "require-dev": {
                "jawira/case-converter": "^3.4",
                "laminas/laminas-hydrator": "^4.0",
                "laravel/serializable-closure": "^1.1",
                "league/flysystem-aws-s3-v3": "^3.0",
                "league/flysystem-azure-blob-storage": "^3.0",
                "symfony/validator": "^5.3 || ^6.0"
            },
            "suggest": {
                "jawira/case-converter": "Provides CaseConverter that is required by the EntryNameCaseConverterTransformer",
                "laminas/laminas-hydrator": "Help converting ObjectEntry into ArrayEntry that can be later unpack into standalone Entries",
                "ocramius/generated-hydrator": "Provieds generated hydrator that implemenets Laminas\\Hydrator\\HydratorInterface"
            },
            "default-branch": true,
            "type": "library",
            "autoload": {
                "psr-4": {
                    "Flow\\": [
                        "src/Flow"
                    ]
                }
            },
            "notification-url": "https://packagist.org/downloads/",
            "license": [
                "MIT"
            ],
            "description": "PHP ETL - Extract Transform Load - Abstraction",
            "keywords": [
                "etl",
                "extract",
                "load",
                "transform"
            ],
            "support": {
                "issues": "https://github.com/flow-php/etl/issues",
                "source": "https://github.com/flow-php/etl/tree/1.x"
            },
            "time": "2022-07-18T05:53:05+00:00"
        },
        {
            "name": "league/flysystem",
            "version": "3.1.0",
            "source": {
                "type": "git",
                "url": "https://github.com/thephpleague/flysystem.git",
                "reference": "34a68067b7ae3b836ea5e57e1fc432478372a4f5"
            },
            "dist": {
                "type": "zip",
                "url": "https://api.github.com/repos/thephpleague/flysystem/zipball/34a68067b7ae3b836ea5e57e1fc432478372a4f5",
                "reference": "34a68067b7ae3b836ea5e57e1fc432478372a4f5",
                "shasum": ""
            },
            "require": {
                "league/mime-type-detection": "^1.0.0",
                "php": "^8.0.2"
            },
            "conflict": {
                "aws/aws-sdk-php": "3.209.31 || 3.210.0",
                "guzzlehttp/guzzle": "<7.0",
                "guzzlehttp/ringphp": "<1.1.1",
                "symfony/http-client": "<5.2"
            },
            "require-dev": {
                "async-aws/s3": "^1.5",
                "async-aws/simple-s3": "^1.0",
                "aws/aws-sdk-php": "^3.198.1",
                "composer/semver": "^3.0",
                "ext-fileinfo": "*",
                "ext-ftp": "*",
                "ext-zip": "*",
                "friendsofphp/php-cs-fixer": "^3.5",
                "google/cloud-storage": "^1.23",
                "microsoft/azure-storage-blob": "^1.1",
                "phpseclib/phpseclib": "^2.0",
                "phpstan/phpstan": "^0.12.26",
                "phpunit/phpunit": "^9.5.11",
                "sabre/dav": "^4.3.1"
            },
            "type": "library",
            "autoload": {
                "psr-4": {
                    "League\\Flysystem\\": "src"
                }
            },
            "notification-url": "https://packagist.org/downloads/",
            "license": [
                "MIT"
            ],
            "authors": [
                {
                    "name": "Frank de Jonge",
                    "email": "info@frankdejonge.nl"
                }
            ],
            "description": "File storage abstraction for PHP",
            "keywords": [
                "WebDAV",
                "aws",
                "cloud",
                "file",
                "files",
                "filesystem",
                "filesystems",
                "ftp",
                "s3",
                "sftp",
                "storage"
            ],
            "support": {
                "issues": "https://github.com/thephpleague/flysystem/issues",
                "source": "https://github.com/thephpleague/flysystem/tree/3.1.0"
            },
            "funding": [
                {
                    "url": "https://offset.earth/frankdejonge",
                    "type": "custom"
                },
                {
                    "url": "https://github.com/frankdejonge",
                    "type": "github"
                },
                {
                    "url": "https://tidelift.com/funding/github/packagist/league/flysystem",
                    "type": "tidelift"
                }
            ],
            "time": "2022-06-29T17:29:54+00:00"
        },
        {
            "name": "league/mime-type-detection",
            "version": "1.11.0",
            "source": {
                "type": "git",
                "url": "https://github.com/thephpleague/mime-type-detection.git",
                "reference": "ff6248ea87a9f116e78edd6002e39e5128a0d4dd"
            },
            "dist": {
                "type": "zip",
                "url": "https://api.github.com/repos/thephpleague/mime-type-detection/zipball/ff6248ea87a9f116e78edd6002e39e5128a0d4dd",
                "reference": "ff6248ea87a9f116e78edd6002e39e5128a0d4dd",
                "shasum": ""
            },
            "require": {
                "ext-fileinfo": "*",
                "php": "^7.2 || ^8.0"
            },
            "require-dev": {
                "friendsofphp/php-cs-fixer": "^3.2",
                "phpstan/phpstan": "^0.12.68",
                "phpunit/phpunit": "^8.5.8 || ^9.3"
            },
            "type": "library",
            "autoload": {
                "psr-4": {
                    "League\\MimeTypeDetection\\": "src"
                }
            },
            "notification-url": "https://packagist.org/downloads/",
            "license": [
                "MIT"
            ],
            "authors": [
                {
                    "name": "Frank de Jonge",
                    "email": "info@frankdejonge.nl"
                }
            ],
            "description": "Mime-type detection for Flysystem",
            "support": {
                "issues": "https://github.com/thephpleague/mime-type-detection/issues",
                "source": "https://github.com/thephpleague/mime-type-detection/tree/1.11.0"
            },
            "funding": [
                {
                    "url": "https://github.com/frankdejonge",
                    "type": "github"
                },
                {
                    "url": "https://tidelift.com/funding/github/packagist/league/flysystem",
                    "type": "tidelift"
                }
            ],
            "time": "2022-04-17T13:12:02+00:00"
        },
        {
            "name": "psr/log",
            "version": "1.1.4",
            "source": {
                "type": "git",
                "url": "https://github.com/php-fig/log.git",
                "reference": "d49695b909c3b7628b6289db5479a1c204601f11"
            },
            "dist": {
                "type": "zip",
                "url": "https://api.github.com/repos/php-fig/log/zipball/d49695b909c3b7628b6289db5479a1c204601f11",
                "reference": "d49695b909c3b7628b6289db5479a1c204601f11",
                "shasum": ""
            },
            "require": {
                "php": ">=5.3.0"
            },
            "type": "library",
            "extra": {
                "branch-alias": {
                    "dev-master": "1.1.x-dev"
                }
            },
            "autoload": {
                "psr-4": {
                    "Psr\\Log\\": "Psr/Log/"
                }
            },
            "notification-url": "https://packagist.org/downloads/",
            "license": [
                "MIT"
            ],
            "authors": [
                {
                    "name": "PHP-FIG",
                    "homepage": "https://www.php-fig.org/"
                }
            ],
            "description": "Common interface for logging libraries",
            "homepage": "https://github.com/php-fig/log",
            "keywords": [
                "log",
                "psr",
                "psr-3"
            ],
            "support": {
                "source": "https://github.com/php-fig/log/tree/1.1.4"
            },
            "time": "2021-05-03T11:20:27+00:00"
        }
    ],
    "packages-dev": [],
    "aliases": [],
    "minimum-stability": "dev",
    "stability-flags": {
        "flow-php/etl": 20
    },
    "prefer-stable": true,
    "prefer-lowest": false,
    "platform": {
        "php": "~8.1"
    },
    "platform-dev": [],
    "plugin-api-version": "2.3.0"
}
