{
    "_readme": [
        "This file locks the dependencies of your project to a known state",
        "Read more about it at https://getcomposer.org/doc/01-basic-usage.md#installing-dependencies",
        "This file is @generated automatically"
    ],
    "content-hash": "b84d4d67446cc7f9add9d815d6d6cf95",
    "packages": [],
    "packages-dev": [
        {
            "name": "symplify/monorepo-builder",
            "version": "11.1.29.72",
            "source": {
                "type": "git",
                "url": "https://github.com/symplify/monorepo-builder.git",
                "reference": "abe9692f187eb7504c56c7df1471ce8b7c7fad3e"
            },
            "dist": {
                "type": "zip",
                "url": "https://api.github.com/repos/symplify/monorepo-builder/zipball/abe9692f187eb7504c56c7df1471ce8b7c7fad3e",
                "reference": "abe9692f187eb7504c56c7df1471ce8b7c7fad3e",
                "shasum": ""
            },
            "require": {
                "php": ">=7.2"
            },
            "bin": [
                "bin/monorepo-builder"
            ],
            "type": "library",
            "extra": {
                "branch-alias": {
                    "dev-main": "10.3-dev"
                }
            },
            "autoload": {
                "files": [
                    "bootstrap.php"
                ]
            },
            "notification-url": "https://packagist.org/downloads/",
            "license": [
                "MIT"
            ],
            "description": "Prefixed version of Not only Composer tools to build a Monorepo.",
            "support": {
                "issues": "https://github.com/symplify/monorepo-builder/issues",
                "source": "https://github.com/symplify/monorepo-builder/tree/11.1.29.72"
            },
            "funding": [
                {
                    "url": "https://www.paypal.me/rectorphp",
                    "type": "custom"
                },
                {
                    "url": "https://github.com/tomasvotruba",
                    "type": "github"
                }
            ],
            "time": "2023-01-09T17:59:21+00:00"
        }
    ],
    "aliases": [],
    "minimum-stability": "stable",
    "stability-flags": [],
    "prefer-stable": false,
    "prefer-lowest": false,
    "platform": [],
    "platform-dev": [],
    "plugin-api-version": "2.3.0"
}
