{
    "_readme": [
        "This file locks the dependencies of your project to a known state",
        "Read more about it at https://getcomposer.org/doc/01-basic-usage.md#installing-dependencies",
        "This file is @generated automatically"
    ],
    "content-hash": "9a13ba17a026ca10a4808c34e5bd9968",
    "packages": [],
    "packages-dev": [
        {
            "name": "blackfire/php-sdk",
            "version": "v2.3.4",
            "source": {
                "type": "git",
                "url": "https://github.com/blackfireio/php-sdk.git",
                "reference": "2b0d240fddeb0fbe7d57367a39d244f58ab27438"
            },
            "dist": {
                "type": "zip",
                "url": "https://api.github.com/repos/blackfireio/php-sdk/zipball/2b0d240fddeb0fbe7d57367a39d244f58ab27438",
                "reference": "2b0d240fddeb0fbe7d57367a39d244f58ab27438",
                "shasum": ""
            },
            "require": {
                "composer/ca-bundle": "^1.0",
                "php": ">=5.3.0"
            },
            "require-dev": {
                "behat/behat": "^3.8",
                "friends-of-behat/mink-browserkit-driver": "^1.4",
                "friends-of-behat/mink-extension": "^2.5",
                "guzzlehttp/psr7": "^1.6",
                "illuminate/console": "^8.81",
                "illuminate/queue": "^8.81",
                "illuminate/support": "^8.81",
                "laravel/octane": "^1.2",
                "phpunit/phpunit": "^9.5",
                "psr/http-message": "^1.0",
                "symfony/browser-kit": "^5.1",
                "symfony/framework-bundle": "^5.1",
                "symfony/http-client": "^5.1",
                "symfony/messenger": "^5.1",
                "symfony/panther": "^1.0",
                "symfony/phpunit-bridge": "^5.2"
            },
            "suggest": {
                "ext-blackfire": "The C version of the Blackfire probe",
                "ext-zlib": "To push config to remote profiling targets",
                "symfony/panther": "To use Symfony web test cases with Blackfire"
            },
            "type": "library",
            "extra": {
                "branch-alias": {
                    "dev-master": "2.3-dev"
                }
            },
            "autoload": {
                "psr-4": {
                    "Blackfire\\": "src/Blackfire"
                }
            },
            "notification-url": "https://packagist.org/downloads/",
            "license": [
                "MIT"
            ],
            "authors": [
                {
                    "name": "Blackfire.io",
                    "email": "support@blackfire.io"
                }
            ],
            "description": "Blackfire.io PHP SDK",
            "keywords": [
                "performance",
                "profiler",
                "uprofiler",
                "xhprof"
            ],
            "support": {
                "issues": "https://github.com/blackfireio/php-sdk/issues",
                "source": "https://github.com/blackfireio/php-sdk/tree/v2.3.4"
            },
            "time": "2023-10-30T14:50:47+00:00"
        },
        {
            "name": "composer/ca-bundle",
            "version": "1.3.7",
            "source": {
                "type": "git",
                "url": "https://github.com/composer/ca-bundle.git",
                "reference": "76e46335014860eec1aa5a724799a00a2e47cc85"
            },
            "dist": {
                "type": "zip",
                "url": "https://api.github.com/repos/composer/ca-bundle/zipball/76e46335014860eec1aa5a724799a00a2e47cc85",
                "reference": "76e46335014860eec1aa5a724799a00a2e47cc85",
                "shasum": ""
            },
            "require": {
                "ext-openssl": "*",
                "ext-pcre": "*",
                "php": "^5.3.2 || ^7.0 || ^8.0"
            },
            "require-dev": {
                "phpstan/phpstan": "^0.12.55",
                "psr/log": "^1.0",
                "symfony/phpunit-bridge": "^4.2 || ^5",
                "symfony/process": "^2.5 || ^3.0 || ^4.0 || ^5.0 || ^6.0"
            },
            "type": "library",
            "extra": {
                "branch-alias": {
                    "dev-main": "1.x-dev"
                }
            },
            "autoload": {
                "psr-4": {
                    "Composer\\CaBundle\\": "src"
                }
            },
            "notification-url": "https://packagist.org/downloads/",
            "license": [
                "MIT"
            ],
            "authors": [
                {
                    "name": "Jordi Boggiano",
                    "email": "j.boggiano@seld.be",
                    "homepage": "http://seld.be"
                }
            ],
            "description": "Lets you find a path to the system CA bundle, and includes a fallback to the Mozilla CA bundle.",
            "keywords": [
                "cabundle",
                "cacert",
                "certificate",
                "ssl",
                "tls"
            ],
            "support": {
                "irc": "irc://irc.freenode.org/composer",
                "issues": "https://github.com/composer/ca-bundle/issues",
                "source": "https://github.com/composer/ca-bundle/tree/1.3.7"
            },
            "funding": [
                {
                    "url": "https://packagist.com",
                    "type": "custom"
                },
                {
                    "url": "https://github.com/composer",
                    "type": "github"
                },
                {
                    "url": "https://tidelift.com/funding/github/packagist/composer/composer",
                    "type": "tidelift"
                }
            ],
            "time": "2023-08-30T09:31:38+00:00"
        }
    ],
    "aliases": [],
    "minimum-stability": "stable",
    "stability-flags": [],
    "prefer-stable": false,
    "prefer-lowest": false,
    "platform": [],
    "platform-dev": [],
    "plugin-api-version": "2.6.0"
}
