{
    "_readme": [
        "This file locks the dependencies of your project to a known state",
        "Read more about it at https://getcomposer.org/doc/01-basic-usage.md#installing-dependencies",
        "This file is @generated automatically"
    ],
    "content-hash": "3c1f0626f6f321063fcd530961b74efd",
    "packages": [],
    "packages-dev": [
        {
            "name": "carthage-software/mago",
            "version": "dev-main",
            "source": {
                "type": "git",
                "url": "https://github.com/carthage-software/mago.git",
                "reference": "8e7f58387eae2f9fe7e3bb3564c213d7cdaae62e"
            },
            "dist": {
                "type": "zip",
                "url": "https://api.github.com/repos/carthage-software/mago/zipball/8e7f58387eae2f9fe7e3bb3564c213d7cdaae62e",
                "reference": "8e7f58387eae2f9fe7e3bb3564c213d7cdaae62e",
                "shasum": ""
            },
            "require": {
                "composer-plugin-api": "^2.6",
                "php": "~8.1 || ~8.2 || ~8.3 || ~8.4 || ~8.5 || ~8.6"
            },
            "require-dev": {
                "composer/composer": "^2.8"
            },
            "default-branch": true,
            "bin": [
                "composer/bin/mago"
            ],
            "type": "composer-plugin",
            "extra": {
                "class": "Mago\\MagoPlugin"
            },
            "autoload": {
                "psr-4": {
                    "Mago\\": "composer/"
                }
            },
            "notification-url": "https://packagist.org/downloads/",
            "license": [
                "MIT OR Apache-2.0"
            ],
            "authors": [
                {
                    "name": "Saif Eddin Gmati",
                    "email": "azjezz@carthage.software"
                }
            ],
            "description": "Mago is a toolchain for PHP that aims to provide a set of tools to help developers write better code.",
            "keywords": [
                "dev"
            ],
            "support": {
                "issues": "https://github.com/carthage-software/mago/issues",
                "source": "https://github.com/carthage-software/mago/tree/main"
            },
            "funding": [
                {
                    "url": "https://github.com/azjezz",
                    "type": "github"
                }
            ],
            "time": "2025-12-04T10:39:38+00:00"
        }
    ],
    "aliases": [],
    "minimum-stability": "dev",
    "stability-flags": {
        "carthage-software/mago": 20
    },
    "prefer-stable": true,
    "prefer-lowest": false,
    "platform": {},
    "platform-dev": {
        "php": "~8.2.0 || ~8.3.0 || ~8.4.0"
    },
    "plugin-api-version": "2.6.0"
}
