{
    "_readme": [
        "This file locks the dependencies of your project to a known state",
        "Read more about it at https://getcomposer.org/doc/01-basic-usage.md#installing-dependencies",
        "This file is @generated automatically"
    ],
    "content-hash": "543439eec8afde0c9b489bd5929799b5",
    "packages": [],
    "packages-dev": [
        {
            "name": "carthage-software/mago",
            "version": "1.47.4",
            "source": {
                "type": "git",
                "url": "https://github.com/carthage-software/mago.git",
                "reference": "398a1904a777a5c0111a5c00eaa7350ae7f78fc5"
            },
            "dist": {
                "type": "zip",
                "url": "https://api.github.com/repos/carthage-software/mago/zipball/398a1904a777a5c0111a5c00eaa7350ae7f78fc5",
                "reference": "398a1904a777a5c0111a5c00eaa7350ae7f78fc5",
                "shasum": ""
            },
            "require": {
                "php": "~8.1 || ~8.2 || ~8.3 || ~8.4 || ~8.5 || ~8.6",
                "revolt/event-loop": "^1.0.9"
            },
            "require-dev": {
                "phpunit/phpunit": "^10.5"
            },
            "suggest": {
                "ext-curl": "To show binary download progress"
            },
            "bin": [
                "composer/bin/mago"
            ],
            "type": "library",
            "autoload": {
                "files": [
                    "composer/src/functions.php",
                    "composer/src/internal.php"
                ],
                "psr-4": {
                    "Mago\\": "composer/src/"
                }
            },
            "notification-url": "https://packagist.org/downloads/",
            "license": [
                "MIT OR Apache-2.0"
            ],
            "authors": [
                {
                    "name": "Seifeddine Gmati",
                    "email": "azjezz@carthage.software"
                }
            ],
            "description": "Mago is a toolchain for PHP that aims to provide a set of tools to help developers write better code.",
            "keywords": [
                "dev"
            ],
            "support": {
                "issues": "https://github.com/carthage-software/mago/issues",
                "source": "https://github.com/carthage-software/mago/tree/1.47.4"
            },
            "funding": [
                {
                    "url": "https://github.com/azjezz",
                    "type": "github"
                }
            ],
            "time": "2026-08-24T22:11:45+00:00"
        },
        {
            "name": "revolt/event-loop",
            "version": "v1.0.9",
            "source": {
                "type": "git",
                "url": "https://github.com/revoltphp/event-loop.git",
                "reference": "44061cf513e53c6200372fc935ac42271566295d"
            },
            "dist": {
                "type": "zip",
                "url": "https://api.github.com/repos/revoltphp/event-loop/zipball/44061cf513e53c6200372fc935ac42271566295d",
                "reference": "44061cf513e53c6200372fc935ac42271566295d",
                "shasum": ""
            },
            "require": {
                "php": ">=8.1"
            },
            "require-dev": {
                "ext-json": "*",
                "jetbrains/phpstorm-stubs": "^2019.3",
                "phpunit/phpunit": "^9",
                "psalm/phar": "6.16.*"
            },
            "type": "library",
            "extra": {
                "branch-alias": {
                    "dev-main": "1.x-dev"
                }
            },
            "autoload": {
                "psr-4": {
                    "Revolt\\": "src"
                }
            },
            "notification-url": "https://packagist.org/downloads/",
            "license": [
                "MIT"
            ],
            "authors": [
                {
                    "name": "Aaron Piotrowski",
                    "email": "aaron@trowski.com"
                },
                {
                    "name": "Cees-Jan Kiewiet",
                    "email": "ceesjank@gmail.com"
                },
                {
                    "name": "Christian Lück",
                    "email": "christian@clue.engineering"
                },
                {
                    "name": "Niklas Keller",
                    "email": "me@kelunik.com"
                }
            ],
            "description": "Rock-solid event loop for concurrent PHP applications.",
            "keywords": [
                "async",
                "asynchronous",
                "concurrency",
                "event",
                "event-loop",
                "non-blocking",
                "scheduler"
            ],
            "support": {
                "issues": "https://github.com/revoltphp/event-loop/issues",
                "source": "https://github.com/revoltphp/event-loop/tree/v1.0.9"
            },
            "time": "2026-05-16T17:55:38+00:00"
        }
    ],
    "aliases": [],
    "minimum-stability": "stable",
    "stability-flags": {},
    "prefer-stable": false,
    "prefer-lowest": false,
    "platform": {},
    "platform-dev": {
        "php": "~8.3.0 || ~8.4.0 || ~8.5.0"
    },
    "plugin-api-version": "2.9.0"
}
