{
    "_readme": [
        "This file locks the dependencies of your project to a known state",
        "Read more about it at https://getcomposer.org/doc/01-basic-usage.md#installing-dependencies",
        "This file is @generated automatically"
    ],
    "content-hash": "f8d233d133b5a1491e0ef3a51bfff281",
    "packages": [
        {
            "name": "brick/math",
            "version": "0.13.1",
            "source": {
                "type": "git",
                "url": "https://github.com/brick/math.git",
                "reference": "fc7ed316430118cc7836bf45faff18d5dfc8de04"
            },
            "dist": {
                "type": "zip",
                "url": "https://api.github.com/repos/brick/math/zipball/fc7ed316430118cc7836bf45faff18d5dfc8de04",
                "reference": "fc7ed316430118cc7836bf45faff18d5dfc8de04",
                "shasum": ""
            },
            "require": {
                "php": "^8.1"
            },
            "require-dev": {
                "php-coveralls/php-coveralls": "^2.2",
                "phpunit/phpunit": "^10.1",
                "vimeo/psalm": "6.8.8"
            },
            "type": "library",
            "autoload": {
                "psr-4": {
                    "Brick\\Math\\": "src/"
                }
            },
            "notification-url": "https://packagist.org/downloads/",
            "license": [
                "MIT"
            ],
            "description": "Arbitrary-precision arithmetic library",
            "keywords": [
                "Arbitrary-precision",
                "BigInteger",
                "BigRational",
                "arithmetic",
                "bigdecimal",
                "bignum",
                "bignumber",
                "brick",
                "decimal",
                "integer",
                "math",
                "mathematics",
                "rational"
            ],
            "support": {
                "issues": "https://github.com/brick/math/issues",
                "source": "https://github.com/brick/math/tree/0.13.1"
            },
            "funding": [
                {
                    "url": "https://github.com/BenMorel",
                    "type": "github"
                }
            ],
            "time": "2025-03-29T13:50:30+00:00"
        },
        {
            "name": "flow-php/array-dot",
            "version": "0.16.0",
            "source": {
                "type": "git",
                "url": "https://github.com/flow-php/array-dot.git",
                "reference": "da0de985ff59f1354dd358987f5c01bf0a03b558"
            },
            "dist": {
                "type": "zip",
                "url": "https://api.github.com/repos/flow-php/array-dot/zipball/da0de985ff59f1354dd358987f5c01bf0a03b558",
                "reference": "da0de985ff59f1354dd358987f5c01bf0a03b558",
                "shasum": ""
            },
            "require": {
                "php": "~8.2.0 || ~8.3.0 || ~8.4.0"
            },
            "type": "library",
            "autoload": {
                "files": [
                    "src/Flow/ArrayDot/array_dot.php"
                ],
                "psr-4": {
                    "Flow\\": [
                        "src/Flow"
                    ]
                }
            },
            "notification-url": "https://packagist.org/downloads/",
            "license": [
                "MIT"
            ],
            "description": "PHP ETL - Array Dot functions",
            "keywords": [
                "array",
                "dot",
                "etl",
                "extract",
                "filter",
                "load",
                "transform"
            ],
            "support": {
                "issues": "https://github.com/flow-php/array-dot/issues",
                "source": "https://github.com/flow-php/array-dot/tree/0.16.0"
            },
            "funding": [
                {
                    "url": "https://flow-php.com/sponsor",
                    "type": "custom"
                },
                {
                    "url": "https://github.com/norberttech",
                    "type": "github"
                }
            ],
            "time": "2025-01-30T16:34:14+00:00"
        },
        {
            "name": "flow-php/etl",
            "version": "1.x-dev",
            "source": {
                "type": "git",
                "url": "https://github.com/flow-php/etl.git",
                "reference": "3f9433295995eecb31f775665bd8462bd8229a79"
            },
            "dist": {
                "type": "zip",
                "url": "https://api.github.com/repos/flow-php/etl/zipball/3f9433295995eecb31f775665bd8462bd8229a79",
                "reference": "3f9433295995eecb31f775665bd8462bd8229a79",
                "shasum": ""
            },
            "require": {
                "brick/math": "^0.11 || ^0.12 || ^0.13",
                "ext-json": "*",
                "ext-mbstring": "*",
                "flow-php/array-dot": "^0.16.0 || 1.x-dev",
                "flow-php/filesystem": "^0.16.0 || 1.x-dev",
                "php": "~8.2.0 || ~8.3.0 || ~8.4.0",
                "psr/clock": "^1.0",
                "psr/simple-cache": "^1.0 || ^2.0 || ^3.0",
                "symfony/string": "^5.4 || ^6.4 || ^7.0",
                "webmozart/glob": "^3.0 || ^4.0"
            },
            "require-dev": {
                "ramsey/uuid": "^4.5",
                "symfony/uid": "^6.3 || ^7.0"
            },
            "suggest": {
                "ext-bcmath": "BCMath extension for PHP for more precise calculations"
            },
            "default-branch": true,
            "type": "library",
            "autoload": {
                "files": [
                    "src/Flow/ETL/DSL/functions.php"
                ],
                "psr-4": {
                    "Flow\\": [
                        "src/Flow"
                    ]
                }
            },
            "notification-url": "https://packagist.org/downloads/",
            "license": [
                "MIT"
            ],
            "description": "PHP ETL - Extract Transform Load - Abstraction",
            "keywords": [
                "etl",
                "extract",
                "load",
                "transform"
            ],
            "support": {
                "issues": "https://github.com/flow-php/etl/issues",
                "source": "https://github.com/flow-php/etl/tree/0.16.0"
            },
            "funding": [
                {
                    "url": "https://flow-php.com/sponsor",
                    "type": "custom"
                },
                {
                    "url": "https://github.com/norberttech",
                    "type": "github"
                }
            ],
            "time": "2025-05-12T16:58:31+00:00"
        },
        {
            "name": "flow-php/etl-adapter-json",
            "version": "1.x-dev",
            "source": {
                "type": "git",
                "url": "https://github.com/flow-php/etl-adapter-json.git",
                "reference": "b33ef9f3dce97b830ef9db393d74a3c85980222a"
            },
            "dist": {
                "type": "zip",
                "url": "https://api.github.com/repos/flow-php/etl-adapter-json/zipball/b33ef9f3dce97b830ef9db393d74a3c85980222a",
                "reference": "b33ef9f3dce97b830ef9db393d74a3c85980222a",
                "shasum": ""
            },
            "require": {
                "ext-json": "*",
                "flow-php/etl": "^0.16.0 || 1.x-dev",
                "halaxa/json-machine": "^1.1",
                "php": "~8.2.0 || ~8.3.0 || ~8.4.0"
            },
            "default-branch": true,
            "type": "library",
            "autoload": {
                "files": [
                    "src/Flow/ETL/Adapter/JSON/functions.php"
                ],
                "psr-4": {
                    "Flow\\": [
                        "src/Flow"
                    ]
                }
            },
            "notification-url": "https://packagist.org/downloads/",
            "license": [
                "MIT"
            ],
            "description": "PHP ETL - Adapter - JSON",
            "keywords": [
                "adapter",
                "etl",
                "extract",
                "json",
                "load",
                "transform"
            ],
            "support": {
                "issues": "https://github.com/flow-php/etl-adapter-json/issues",
                "source": "https://github.com/flow-php/etl-adapter-json/tree/0.16.0"
            },
            "funding": [
                {
                    "url": "https://flow-php.com/sponsor",
                    "type": "custom"
                },
                {
                    "url": "https://github.com/norberttech",
                    "type": "github"
                }
            ],
            "time": "2025-05-12T16:58:11+00:00"
        },
        {
            "name": "flow-php/filesystem",
            "version": "0.16.0",
            "source": {
                "type": "git",
                "url": "https://github.com/flow-php/filesystem.git",
                "reference": "edb3f60d002edff5b3914f676b21de32271c487b"
            },
            "dist": {
                "type": "zip",
                "url": "https://api.github.com/repos/flow-php/filesystem/zipball/edb3f60d002edff5b3914f676b21de32271c487b",
                "reference": "edb3f60d002edff5b3914f676b21de32271c487b",
                "shasum": ""
            },
            "require": {
                "php": "~8.2.0 || ~8.3.0 || ~8.4.0",
                "webmozart/glob": "^3.0 || ^4.0"
            },
            "type": "library",
            "autoload": {
                "files": [
                    "src/Flow/Filesystem/DSL/functions.php"
                ],
                "psr-4": {
                    "Flow\\": [
                        "src/Flow"
                    ]
                }
            },
            "notification-url": "https://packagist.org/downloads/",
            "license": [
                "MIT"
            ],
            "description": "PHP ETL - Filesystem abstraction",
            "keywords": [
                "aws",
                "azure",
                "etl",
                "extract",
                "filesystem",
                "gcp",
                "load",
                "remote",
                "transform"
            ],
            "support": {
                "issues": "https://github.com/flow-php/filesystem/issues",
                "source": "https://github.com/flow-php/filesystem/tree/0.16.0"
            },
            "funding": [
                {
                    "url": "https://flow-php.com/sponsor",
                    "type": "custom"
                },
                {
                    "url": "https://github.com/norberttech",
                    "type": "github"
                }
            ],
            "time": "2025-04-28T19:24:46+00:00"
        },
        {
            "name": "halaxa/json-machine",
            "version": "1.2.2",
            "source": {
                "type": "git",
                "url": "https://github.com/halaxa/json-machine.git",
                "reference": "5a5cde093181198bd68d94a3d35f80e76720766b"
            },
            "dist": {
                "type": "zip",
                "url": "https://api.github.com/repos/halaxa/json-machine/zipball/5a5cde093181198bd68d94a3d35f80e76720766b",
                "reference": "5a5cde093181198bd68d94a3d35f80e76720766b",
                "shasum": ""
            },
            "require": {
                "php": "7.2 - 8.4"
            },
            "require-dev": {
                "ext-json": "*",
                "friendsofphp/php-cs-fixer": "^3.0",
                "phpstan/phpstan": "^1.10",
                "phpunit/phpunit": "^8.0"
            },
            "suggest": {
                "ext-json": "To run JSON Machine out of the box without custom decoders.",
                "guzzlehttp/guzzle": "To run example with GuzzleHttp"
            },
            "type": "library",
            "autoload": {
                "files": [
                    "src/functions.php"
                ],
                "psr-4": {
                    "JsonMachine\\": "src/"
                },
                "exclude-from-classmap": [
                    "src/autoloader.php"
                ]
            },
            "notification-url": "https://packagist.org/downloads/",
            "license": [
                "Apache-2.0"
            ],
            "authors": [
                {
                    "name": "Filip Halaxa",
                    "email": "filip@halaxa.cz"
                }
            ],
            "description": "Efficient, easy-to-use and fast JSON pull parser",
            "support": {
                "issues": "https://github.com/halaxa/json-machine/issues",
                "source": "https://github.com/halaxa/json-machine/tree/1.2.2"
            },
            "funding": [
                {
                    "url": "https://ko-fi.com/G2G57KTE4",
                    "type": "other"
                }
            ],
            "time": "2025-04-30T19:58:47+00:00"
        },
        {
            "name": "psr/clock",
            "version": "1.0.0",
            "source": {
                "type": "git",
                "url": "https://github.com/php-fig/clock.git",
                "reference": "e41a24703d4560fd0acb709162f73b8adfc3aa0d"
            },
            "dist": {
                "type": "zip",
                "url": "https://api.github.com/repos/php-fig/clock/zipball/e41a24703d4560fd0acb709162f73b8adfc3aa0d",
                "reference": "e41a24703d4560fd0acb709162f73b8adfc3aa0d",
                "shasum": ""
            },
            "require": {
                "php": "^7.0 || ^8.0"
            },
            "type": "library",
            "autoload": {
                "psr-4": {
                    "Psr\\Clock\\": "src/"
                }
            },
            "notification-url": "https://packagist.org/downloads/",
            "license": [
                "MIT"
            ],
            "authors": [
                {
                    "name": "PHP-FIG",
                    "homepage": "https://www.php-fig.org/"
                }
            ],
            "description": "Common interface for reading the clock.",
            "homepage": "https://github.com/php-fig/clock",
            "keywords": [
                "clock",
                "now",
                "psr",
                "psr-20",
                "time"
            ],
            "support": {
                "issues": "https://github.com/php-fig/clock/issues",
                "source": "https://github.com/php-fig/clock/tree/1.0.0"
            },
            "time": "2022-11-25T14:36:26+00:00"
        },
        {
            "name": "psr/simple-cache",
            "version": "3.0.0",
            "source": {
                "type": "git",
                "url": "https://github.com/php-fig/simple-cache.git",
                "reference": "764e0b3939f5ca87cb904f570ef9be2d78a07865"
            },
            "dist": {
                "type": "zip",
                "url": "https://api.github.com/repos/php-fig/simple-cache/zipball/764e0b3939f5ca87cb904f570ef9be2d78a07865",
                "reference": "764e0b3939f5ca87cb904f570ef9be2d78a07865",
                "shasum": ""
            },
            "require": {
                "php": ">=8.0.0"
            },
            "type": "library",
            "extra": {
                "branch-alias": {
                    "dev-master": "3.0.x-dev"
                }
            },
            "autoload": {
                "psr-4": {
                    "Psr\\SimpleCache\\": "src/"
                }
            },
            "notification-url": "https://packagist.org/downloads/",
            "license": [
                "MIT"
            ],
            "authors": [
                {
                    "name": "PHP-FIG",
                    "homepage": "https://www.php-fig.org/"
                }
            ],
            "description": "Common interfaces for simple caching",
            "keywords": [
                "cache",
                "caching",
                "psr",
                "psr-16",
                "simple-cache"
            ],
            "support": {
                "source": "https://github.com/php-fig/simple-cache/tree/3.0.0"
            },
            "time": "2021-10-29T13:26:27+00:00"
        },
        {
            "name": "symfony/polyfill-ctype",
            "version": "v1.32.0",
            "source": {
                "type": "git",
                "url": "https://github.com/symfony/polyfill-ctype.git",
                "reference": "a3cc8b044a6ea513310cbd48ef7333b384945638"
            },
            "dist": {
                "type": "zip",
                "url": "https://api.github.com/repos/symfony/polyfill-ctype/zipball/a3cc8b044a6ea513310cbd48ef7333b384945638",
                "reference": "a3cc8b044a6ea513310cbd48ef7333b384945638",
                "shasum": ""
            },
            "require": {
                "php": ">=7.2"
            },
            "provide": {
                "ext-ctype": "*"
            },
            "suggest": {
                "ext-ctype": "For best performance"
            },
            "type": "library",
            "extra": {
                "thanks": {
                    "url": "https://github.com/symfony/polyfill",
                    "name": "symfony/polyfill"
                }
            },
            "autoload": {
                "files": [
                    "bootstrap.php"
                ],
                "psr-4": {
                    "Symfony\\Polyfill\\Ctype\\": ""
                }
            },
            "notification-url": "https://packagist.org/downloads/",
            "license": [
                "MIT"
            ],
            "authors": [
                {
                    "name": "Gert de Pagter",
                    "email": "BackEndTea@gmail.com"
                },
                {
                    "name": "Symfony Community",
                    "homepage": "https://symfony.com/contributors"
                }
            ],
            "description": "Symfony polyfill for ctype functions",
            "homepage": "https://symfony.com",
            "keywords": [
                "compatibility",
                "ctype",
                "polyfill",
                "portable"
            ],
            "support": {
                "source": "https://github.com/symfony/polyfill-ctype/tree/v1.32.0"
            },
            "funding": [
                {
                    "url": "https://symfony.com/sponsor",
                    "type": "custom"
                },
                {
                    "url": "https://github.com/fabpot",
                    "type": "github"
                },
                {
                    "url": "https://tidelift.com/funding/github/packagist/symfony/symfony",
                    "type": "tidelift"
                }
            ],
            "time": "2024-09-09T11:45:10+00:00"
        },
        {
            "name": "symfony/polyfill-intl-grapheme",
            "version": "v1.32.0",
            "source": {
                "type": "git",
                "url": "https://github.com/symfony/polyfill-intl-grapheme.git",
                "reference": "b9123926e3b7bc2f98c02ad54f6a4b02b91a8abe"
            },
            "dist": {
                "type": "zip",
                "url": "https://api.github.com/repos/symfony/polyfill-intl-grapheme/zipball/b9123926e3b7bc2f98c02ad54f6a4b02b91a8abe",
                "reference": "b9123926e3b7bc2f98c02ad54f6a4b02b91a8abe",
                "shasum": ""
            },
            "require": {
                "php": ">=7.2"
            },
            "suggest": {
                "ext-intl": "For best performance"
            },
            "type": "library",
            "extra": {
                "thanks": {
                    "url": "https://github.com/symfony/polyfill",
                    "name": "symfony/polyfill"
                }
            },
            "autoload": {
                "files": [
                    "bootstrap.php"
                ],
                "psr-4": {
                    "Symfony\\Polyfill\\Intl\\Grapheme\\": ""
                }
            },
            "notification-url": "https://packagist.org/downloads/",
            "license": [
                "MIT"
            ],
            "authors": [
                {
                    "name": "Nicolas Grekas",
                    "email": "p@tchwork.com"
                },
                {
                    "name": "Symfony Community",
                    "homepage": "https://symfony.com/contributors"
                }
            ],
            "description": "Symfony polyfill for intl's grapheme_* functions",
            "homepage": "https://symfony.com",
            "keywords": [
                "compatibility",
                "grapheme",
                "intl",
                "polyfill",
                "portable",
                "shim"
            ],
            "support": {
                "source": "https://github.com/symfony/polyfill-intl-grapheme/tree/v1.32.0"
            },
            "funding": [
                {
                    "url": "https://symfony.com/sponsor",
                    "type": "custom"
                },
                {
                    "url": "https://github.com/fabpot",
                    "type": "github"
                },
                {
                    "url": "https://tidelift.com/funding/github/packagist/symfony/symfony",
                    "type": "tidelift"
                }
            ],
            "time": "2024-09-09T11:45:10+00:00"
        },
        {
            "name": "symfony/polyfill-intl-normalizer",
            "version": "v1.32.0",
            "source": {
                "type": "git",
                "url": "https://github.com/symfony/polyfill-intl-normalizer.git",
                "reference": "3833d7255cc303546435cb650316bff708a1c75c"
            },
            "dist": {
                "type": "zip",
                "url": "https://api.github.com/repos/symfony/polyfill-intl-normalizer/zipball/3833d7255cc303546435cb650316bff708a1c75c",
                "reference": "3833d7255cc303546435cb650316bff708a1c75c",
                "shasum": ""
            },
            "require": {
                "php": ">=7.2"
            },
            "suggest": {
                "ext-intl": "For best performance"
            },
            "type": "library",
            "extra": {
                "thanks": {
                    "url": "https://github.com/symfony/polyfill",
                    "name": "symfony/polyfill"
                }
            },
            "autoload": {
                "files": [
                    "bootstrap.php"
                ],
                "psr-4": {
                    "Symfony\\Polyfill\\Intl\\Normalizer\\": ""
                },
                "classmap": [
                    "Resources/stubs"
                ]
            },
            "notification-url": "https://packagist.org/downloads/",
            "license": [
                "MIT"
            ],
            "authors": [
                {
                    "name": "Nicolas Grekas",
                    "email": "p@tchwork.com"
                },
                {
                    "name": "Symfony Community",
                    "homepage": "https://symfony.com/contributors"
                }
            ],
            "description": "Symfony polyfill for intl's Normalizer class and related functions",
            "homepage": "https://symfony.com",
            "keywords": [
                "compatibility",
                "intl",
                "normalizer",
                "polyfill",
                "portable",
                "shim"
            ],
            "support": {
                "source": "https://github.com/symfony/polyfill-intl-normalizer/tree/v1.32.0"
            },
            "funding": [
                {
                    "url": "https://symfony.com/sponsor",
                    "type": "custom"
                },
                {
                    "url": "https://github.com/fabpot",
                    "type": "github"
                },
                {
                    "url": "https://tidelift.com/funding/github/packagist/symfony/symfony",
                    "type": "tidelift"
                }
            ],
            "time": "2024-09-09T11:45:10+00:00"
        },
        {
            "name": "symfony/polyfill-mbstring",
            "version": "v1.32.0",
            "source": {
                "type": "git",
                "url": "https://github.com/symfony/polyfill-mbstring.git",
                "reference": "6d857f4d76bd4b343eac26d6b539585d2bc56493"
            },
            "dist": {
                "type": "zip",
                "url": "https://api.github.com/repos/symfony/polyfill-mbstring/zipball/6d857f4d76bd4b343eac26d6b539585d2bc56493",
                "reference": "6d857f4d76bd4b343eac26d6b539585d2bc56493",
                "shasum": ""
            },
            "require": {
                "ext-iconv": "*",
                "php": ">=7.2"
            },
            "provide": {
                "ext-mbstring": "*"
            },
            "suggest": {
                "ext-mbstring": "For best performance"
            },
            "type": "library",
            "extra": {
                "thanks": {
                    "url": "https://github.com/symfony/polyfill",
                    "name": "symfony/polyfill"
                }
            },
            "autoload": {
                "files": [
                    "bootstrap.php"
                ],
                "psr-4": {
                    "Symfony\\Polyfill\\Mbstring\\": ""
                }
            },
            "notification-url": "https://packagist.org/downloads/",
            "license": [
                "MIT"
            ],
            "authors": [
                {
                    "name": "Nicolas Grekas",
                    "email": "p@tchwork.com"
                },
                {
                    "name": "Symfony Community",
                    "homepage": "https://symfony.com/contributors"
                }
            ],
            "description": "Symfony polyfill for the Mbstring extension",
            "homepage": "https://symfony.com",
            "keywords": [
                "compatibility",
                "mbstring",
                "polyfill",
                "portable",
                "shim"
            ],
            "support": {
                "source": "https://github.com/symfony/polyfill-mbstring/tree/v1.32.0"
            },
            "funding": [
                {
                    "url": "https://symfony.com/sponsor",
                    "type": "custom"
                },
                {
                    "url": "https://github.com/fabpot",
                    "type": "github"
                },
                {
                    "url": "https://tidelift.com/funding/github/packagist/symfony/symfony",
                    "type": "tidelift"
                }
            ],
            "time": "2024-12-23T08:48:59+00:00"
        },
        {
            "name": "symfony/string",
            "version": "v7.2.6",
            "source": {
                "type": "git",
                "url": "https://github.com/symfony/string.git",
                "reference": "a214fe7d62bd4df2a76447c67c6b26e1d5e74931"
            },
            "dist": {
                "type": "zip",
                "url": "https://api.github.com/repos/symfony/string/zipball/a214fe7d62bd4df2a76447c67c6b26e1d5e74931",
                "reference": "a214fe7d62bd4df2a76447c67c6b26e1d5e74931",
                "shasum": ""
            },
            "require": {
                "php": ">=8.2",
                "symfony/polyfill-ctype": "~1.8",
                "symfony/polyfill-intl-grapheme": "~1.0",
                "symfony/polyfill-intl-normalizer": "~1.0",
                "symfony/polyfill-mbstring": "~1.0"
            },
            "conflict": {
                "symfony/translation-contracts": "<2.5"
            },
            "require-dev": {
                "symfony/emoji": "^7.1",
                "symfony/error-handler": "^6.4|^7.0",
                "symfony/http-client": "^6.4|^7.0",
                "symfony/intl": "^6.4|^7.0",
                "symfony/translation-contracts": "^2.5|^3.0",
                "symfony/var-exporter": "^6.4|^7.0"
            },
            "type": "library",
            "autoload": {
                "files": [
                    "Resources/functions.php"
                ],
                "psr-4": {
                    "Symfony\\Component\\String\\": ""
                },
                "exclude-from-classmap": [
                    "/Tests/"
                ]
            },
            "notification-url": "https://packagist.org/downloads/",
            "license": [
                "MIT"
            ],
            "authors": [
                {
                    "name": "Nicolas Grekas",
                    "email": "p@tchwork.com"
                },
                {
                    "name": "Symfony Community",
                    "homepage": "https://symfony.com/contributors"
                }
            ],
            "description": "Provides an object-oriented API to strings and deals with bytes, UTF-8 code points and grapheme clusters in a unified way",
            "homepage": "https://symfony.com",
            "keywords": [
                "grapheme",
                "i18n",
                "string",
                "unicode",
                "utf-8",
                "utf8"
            ],
            "support": {
                "source": "https://github.com/symfony/string/tree/v7.2.6"
            },
            "funding": [
                {
                    "url": "https://symfony.com/sponsor",
                    "type": "custom"
                },
                {
                    "url": "https://github.com/fabpot",
                    "type": "github"
                },
                {
                    "url": "https://tidelift.com/funding/github/packagist/symfony/symfony",
                    "type": "tidelift"
                }
            ],
            "time": "2025-04-20T20:18:16+00:00"
        },
        {
            "name": "webmozart/glob",
            "version": "4.7.0",
            "source": {
                "type": "git",
                "url": "https://github.com/webmozarts/glob.git",
                "reference": "8a2842112d6916e61e0e15e316465b611f3abc17"
            },
            "dist": {
                "type": "zip",
                "url": "https://api.github.com/repos/webmozarts/glob/zipball/8a2842112d6916e61e0e15e316465b611f3abc17",
                "reference": "8a2842112d6916e61e0e15e316465b611f3abc17",
                "shasum": ""
            },
            "require": {
                "php": "^7.3 || ^8.0.0"
            },
            "require-dev": {
                "phpunit/phpunit": "^9.5",
                "symfony/filesystem": "^5.3"
            },
            "type": "library",
            "extra": {
                "branch-alias": {
                    "dev-master": "4.1-dev"
                }
            },
            "autoload": {
                "psr-4": {
                    "Webmozart\\Glob\\": "src/"
                }
            },
            "notification-url": "https://packagist.org/downloads/",
            "license": [
                "MIT"
            ],
            "authors": [
                {
                    "name": "Bernhard Schussek",
                    "email": "bschussek@gmail.com"
                }
            ],
            "description": "A PHP implementation of Ant's glob.",
            "support": {
                "issues": "https://github.com/webmozarts/glob/issues",
                "source": "https://github.com/webmozarts/glob/tree/4.7.0"
            },
            "time": "2024-03-07T20:33:40+00:00"
        }
    ],
    "packages-dev": [],
    "aliases": [],
    "minimum-stability": "stable",
    "stability-flags": {
        "flow-php/etl": 20,
        "flow-php/etl-adapter-json": 20
    },
    "prefer-stable": false,
    "prefer-lowest": false,
    "platform": {},
    "platform-dev": {},
    "plugin-api-version": "2.6.0"
}
